// !$*UTF8*$!
{
	archiveVersion = 1;
	classes = {
	};
	objectVersion = 56;
	objects = {

/* Begin PBXBuildFile section */
		116EF3D8D49AC50C4B9B6510 /* Pods_NewsApp.framework in Frameworks */ = {isa = PBXBuildFile; fileRef = 27CC8FA0838E63C26CC60AEE /* Pods_NewsApp.framework */; };
		5D1108A82AF922B0009C9AB3 /* AppDelegate.swift in Sources */ = {isa = PBXBuildFile; fileRef = 5D1108A72AF922B0009C9AB3 /* AppDelegate.swift */; };
		5D1108AA2AF922B0009C9AB3 /* SceneDelegate.swift in Sources */ = {isa = PBXBuildFile; fileRef = 5D1108A92AF922B0009C9AB3 /* SceneDelegate.swift */; };
		5D1108AC2AF922B0009C9AB3 /* ViewController.swift in Sources */ = {isa = PBXBuildFile; fileRef = 5D1108AB2AF922B0009C9AB3 /* ViewController.swift */; };
		5D1108AF2AF922B0009C9AB3 /* Main.storyboard in Resources */ = {isa = PBXBuildFile; fileRef = 5D1108AD2AF922B0009C9AB3 /* Main.storyboard */; };
		5D1108B12AF922B2009C9AB3 /* Assets.xcassets in Resources */ = {isa = PBXBuildFile; fileRef = 5D1108B02AF922B2009C9AB3 /* Assets.xcassets */; };
		5D1108B42AF922B2009C9AB3 /* LaunchScreen.storyboard in Resources */ = {isa = PBXBuildFile; fileRef = 5D1108B22AF922B2009C9AB3 /* LaunchScreen.storyboard */; };
		5D1108BF2AF922B2009C9AB3 /* NewsAppTests.swift in Sources */ = {isa = PBXBuildFile; fileRef = 5D1108BE2AF922B2009C9AB3 /* NewsAppTests.swift */; };
		5D1108C92AF922B2009C9AB3 /* NewsAppUITests.swift in Sources */ = {isa = PBXBuildFile; fileRef = 5D1108C82AF922B2009C9AB3 /* NewsAppUITests.swift */; };
		5D1108CB2AF922B2009C9AB3 /* NewsAppUITestsLaunchTests.swift in Sources */ = {isa = PBXBuildFile; fileRef = 5D1108CA2AF922B2009C9AB3 /* NewsAppUITestsLaunchTests.swift */; };
		5D1108DA2AF92504009C9AB3 /* NewsResponse.swift in Sources */ = {isa = PBXBuildFile; fileRef = 5D1108D92AF92504009C9AB3 /* NewsResponse.swift */; };
		5D1108DC2AF925B6009C9AB3 /* SourceListResponse.swift in Sources */ = {isa = PBXBuildFile; fileRef = 5D1108DB2AF925B6009C9AB3 /* SourceListResponse.swift */; };
		5D1108DF2AF92634009C9AB3 /* APIErrorType.swift in Sources */ = {isa = PBXBuildFile; fileRef = 5D1108DE2AF92634009C9AB3 /* APIErrorType.swift */; };
		5D1108E12AF9264C009C9AB3 /* Reachability.swift in Sources */ = {isa = PBXBuildFile; fileRef = 5D1108E02AF9264C009C9AB3 /* Reachability.swift */; };
		5D1108E32AF92686009C9AB3 /* NetworkService.swift in Sources */ = {isa = PBXBuildFile; fileRef = 5D1108E22AF92686009C9AB3 /* NetworkService.swift */; };
		5D1108E52AF92B59009C9AB3 /* NetworkManager.swift in Sources */ = {isa = PBXBuildFile; fileRef = 5D1108E42AF92B59009C9AB3 /* NetworkManager.swift */; };
		AB3A4A832944893327D5362D /* Pods_NewsAppTests.framework in Frameworks */ = {isa = PBXBuildFile; fileRef = 8886D13F839437CC13ED6B37 /* Pods_NewsAppTests.framework */; };
		ED73FBA25C6DFEFC38DEFD48 /* Pods_NewsApp_NewsAppUITests.framework in Frameworks */ = {isa = PBXBuildFile; fileRef = F5D7F39DEA5ADBBC089FF832 /* Pods_NewsApp_NewsAppUITests.framework */; };
/* End PBXBuildFile section */

/* Begin PBXContainerItemProxy section */
		5D1108BB2AF922B2009C9AB3 /* PBXContainerItemProxy */ = {
			isa = PBXContainerItemProxy;
			containerPortal = 5D11089C2AF922B0009C9AB3 /* Project object */;
			proxyType = 1;
			remoteGlobalIDString = 5D1108A32AF922B0009C9AB3;
			remoteInfo = NewsApp;
		};
		5D1108C52AF922B2009C9AB3 /* PBXContainerItemProxy */ = {
			isa = PBXContainerItemProxy;
			containerPortal = 5D11089C2AF922B0009C9AB3 /* Project object */;
			proxyType = 1;
			remoteGlobalIDString = 5D1108A32AF922B0009C9AB3;
			remoteInfo = NewsApp;
		};
/* End PBXContainerItemProxy section */

/* Begin PBXFileReference section */
		27CC8FA0838E63C26CC60AEE /* Pods_NewsApp.framework */ = {isa = PBXFileReference; explicitFileType = wrapper.framework; includeInIndex = 0; path = Pods_NewsApp.framework; sourceTree = BUILT_PRODUCTS_DIR; };
		4A79260418F9DD95AB935FAA /* Pods-NewsApp-NewsAppUITests.release.xcconfig */ = {isa = PBXFileReference; includeInIndex = 1; lastKnownFileType = text.xcconfig; name = "Pods-NewsApp-NewsAppUITests.release.xcconfig"; path = "Target Support Files/Pods-NewsApp-NewsAppUITests/Pods-NewsApp-NewsAppUITests.release.xcconfig"; sourceTree = "<group>"; };
		5D1108A42AF922B0009C9AB3 /* NewsApp.app */ = {isa = PBXFileReference; explicitFileType = wrapper.application; includeInIndex = 0; path = NewsApp.app; sourceTree = BUILT_PRODUCTS_DIR; };
		5D1108A72AF922B0009C9AB3 /* AppDelegate.swift */ = {isa = PBXFileReference; lastKnownFileType = sourcecode.swift; path = AppDelegate.swift; sourceTree = "<group>"; };
		5D1108A92AF922B0009C9AB3 /* SceneDelegate.swift */ = {isa = PBXFileReference; lastKnownFileType = sourcecode.swift; path = SceneDelegate.swift; sourceTree = "<group>"; };
		5D1108AB2AF922B0009C9AB3 /* ViewController.swift */ = {isa = PBXFileReference; lastKnownFileType = sourcecode.swift; path = ViewController.swift; sourceTree = "<group>"; };
		5D1108AE2AF922B0009C9AB3 /* Base */ = {isa = PBXFileReference; lastKnownFileType = file.storyboard; name = Base; path = Base.lproj/Main.storyboard; sourceTree = "<group>"; };
		5D1108B02AF922B2009C9AB3 /* Assets.xcassets */ = {isa = PBXFileReference; lastKnownFileType = folder.assetcatalog; path = Assets.xcassets; sourceTree = "<group>"; };
		5D1108B32AF922B2009C9AB3 /* Base */ = {isa = PBXFileReference; lastKnownFileType = file.storyboard; name = Base; path = Base.lproj/LaunchScreen.storyboard; sourceTree = "<group>"; };
		5D1108B52AF922B2009C9AB3 /* Info.plist */ = {isa = PBXFileReference; lastKnownFileType = text.plist.xml; path = Info.plist; sourceTree = "<group>"; };
		5D1108BA2AF922B2009C9AB3 /* NewsAppTests.xctest */ = {isa = PBXFileReference; explicitFileType = wrapper.cfbundle; includeInIndex = 0; path = NewsAppTests.xctest; sourceTree = BUILT_PRODUCTS_DIR; };
		5D1108BE2AF922B2009C9AB3 /* NewsAppTests.swift */ = {isa = PBXFileReference; lastKnownFileType = sourcecode.swift; path = NewsAppTests.swift; sourceTree = "<group>"; };
		5D1108C42AF922B2009C9AB3 /* NewsAppUITests.xctest */ = {isa = PBXFileReference; explicitFileType = wrapper.cfbundle; includeInIndex = 0; path = NewsAppUITests.xctest; sourceTree = BUILT_PRODUCTS_DIR; };
		5D1108C82AF922B2009C9AB3 /* NewsAppUITests.swift */ = {isa = PBXFileReference; lastKnownFileType = sourcecode.swift; path = NewsAppUITests.swift; sourceTree = "<group>"; };
		5D1108CA2AF922B2009C9AB3 /* NewsAppUITestsLaunchTests.swift */ = {isa = PBXFileReference; lastKnownFileType = sourcecode.swift; path = NewsAppUITestsLaunchTests.swift; sourceTree = "<group>"; };
		5D1108D92AF92504009C9AB3 /* NewsResponse.swift */ = {isa = PBXFileReference; lastKnownFileType = sourcecode.swift; path = NewsResponse.swift; sourceTree = "<group>"; };
		5D1108DB2AF925B6009C9AB3 /* SourceListResponse.swift */ = {isa = PBXFileReference; lastKnownFileType = sourcecode.swift; path = SourceListResponse.swift; sourceTree = "<group>"; };
		5D1108DE2AF92634009C9AB3 /* APIErrorType.swift */ = {isa = PBXFileReference; lastKnownFileType = sourcecode.swift; path = APIErrorType.swift; sourceTree = "<group>"; };
		5D1108E02AF9264C009C9AB3 /* Reachability.swift */ = {isa = PBXFileReference; lastKnownFileType = sourcecode.swift; path = Reachability.swift; sourceTree = "<group>"; };
		5D1108E22AF92686009C9AB3 /* NetworkService.swift */ = {isa = PBXFileReference; lastKnownFileType = sourcecode.swift; path = NetworkService.swift; sourceTree = "<group>"; };
		5D1108E42AF92B59009C9AB3 /* NetworkManager.swift */ = {isa = PBXFileReference; lastKnownFileType = sourcecode.swift; path = NetworkManager.swift; sourceTree = "<group>"; };
		72B916FF00E24547A42DB0D4 /* Pods-NewsApp.debug.xcconfig */ = {isa = PBXFileReference; includeInIndex = 1; lastKnownFileType = text.xcconfig; name = "Pods-NewsApp.debug.xcconfig"; path = "Target Support Files/Pods-NewsApp/Pods-NewsApp.debug.xcconfig"; sourceTree = "<group>"; };
		79F95E2CF439546207C9153D /* Pods-NewsAppTests.debug.xcconfig */ = {isa = PBXFileReference; includeInIndex = 1; lastKnownFileType = text.xcconfig; name = "Pods-NewsAppTests.debug.xcconfig"; path = "Target Support Files/Pods-NewsAppTests/Pods-NewsAppTests.debug.xcconfig"; sourceTree = "<group>"; };
		8886D13F839437CC13ED6B37 /* Pods_NewsAppTests.framework */ = {isa = PBXFileReference; explicitFileType = wrapper.framework; includeInIndex = 0; path = Pods_NewsAppTests.framework; sourceTree = BUILT_PRODUCTS_DIR; };
		8AFE464566893E1308B8AB01 /* Pods-NewsApp-NewsAppUITests.debug.xcconfig */ = {isa = PBXFileReference; includeInIndex = 1; lastKnownFileType = text.xcconfig; name = "Pods-NewsApp-NewsAppUITests.debug.xcconfig"; path = "Target Support Files/Pods-NewsApp-NewsAppUITests/Pods-NewsApp-NewsAppUITests.debug.xcconfig"; sourceTree = "<group>"; };
		909AF2743A471B9753CA339D /* Pods-NewsAppTests.release.xcconfig */ = {isa = PBXFileReference; includeInIndex = 1; lastKnownFileType = text.xcconfig; name = "Pods-NewsAppTests.release.xcconfig"; path = "Target Support Files/Pods-NewsAppTests/Pods-NewsAppTests.release.xcconfig"; sourceTree = "<group>"; };
		CE529996FF2E84F1ECFA67E8 /* Pods-NewsApp.release.xcconfig */ = {isa = PBXFileReference; includeInIndex = 1; lastKnownFileType = text.xcconfig; name = "Pods-NewsApp.release.xcconfig"; path = "Target Support Files/Pods-NewsApp/Pods-NewsApp.release.xcconfig"; sourceTree = "<group>"; };
		F5D7F39DEA5ADBBC089FF832 /* Pods_NewsApp_NewsAppUITests.framework */ = {isa = PBXFileReference; explicitFileType = wrapper.framework; includeInIndex = 0; path = Pods_NewsApp_NewsAppUITests.framework; sourceTree = BUILT_PRODUCTS_DIR; };
/* End PBXFileReference section */

/* Begin PBXFrameworksBuildPhase section */
		5D1108A12AF922B0009C9AB3 /* Frameworks */ = {
			isa = PBXFrameworksBuildPhase;
			buildActionMask = 2147483647;
			files = (
				116EF3D8D49AC50C4B9B6510 /* Pods_NewsApp.framework in Frameworks */,
			);
			runOnlyForDeploymentPostprocessing = 0;
		};
		5D1108B72AF922B2009C9AB3 /* Frameworks */ = {
			isa = PBXFrameworksBuildPhase;
			buildActionMask = 2147483647;
			files = (
				AB3A4A832944893327D5362D /* Pods_NewsAppTests.framework in Frameworks */,
			);
			runOnlyForDeploymentPostprocessing = 0;
		};
		5D1108C12AF922B2009C9AB3 /* Frameworks */ = {
			isa = PBXFrameworksBuildPhase;
			buildActionMask = 2147483647;
			files = (
				ED73FBA25C6DFEFC38DEFD48 /* Pods_NewsApp_NewsAppUITests.framework in Frameworks */,
			);
			runOnlyForDeploymentPostprocessing = 0;
		};
/* End PBXFrameworksBuildPhase section */

/* Begin PBXGroup section */
		1EB4667F7755CB4A962F8DC4 /* Frameworks */ = {
			isa = PBXGroup;
			children = (
				27CC8FA0838E63C26CC60AEE /* Pods_NewsApp.framework */,
				F5D7F39DEA5ADBBC089FF832 /* Pods_NewsApp_NewsAppUITests.framework */,
				8886D13F839437CC13ED6B37 /* Pods_NewsAppTests.framework */,
			);
			name = Frameworks;
			sourceTree = "<group>";
		};
		5D11089B2AF922B0009C9AB3 = {
			isa = PBXGroup;
			children = (
				5D1108A62AF922B0009C9AB3 /* NewsApp */,
				5D1108BD2AF922B2009C9AB3 /* NewsAppTests */,
				5D1108C72AF922B2009C9AB3 /* NewsAppUITests */,
				5D1108A52AF922B0009C9AB3 /* Products */,
				EEC2C437B994CB7C94CC7F35 /* Pods */,
				1EB4667F7755CB4A962F8DC4 /* Frameworks */,
			);
			sourceTree = "<group>";
		};
		5D1108A52AF922B0009C9AB3 /* Products */ = {
			isa = PBXGroup;
			children = (
				5D1108A42AF922B0009C9AB3 /* NewsApp.app */,
				5D1108BA2AF922B2009C9AB3 /* NewsAppTests.xctest */,
				5D1108C42AF922B2009C9AB3 /* NewsAppUITests.xctest */,
			);
			name = Products;
			sourceTree = "<group>";
		};
		5D1108A62AF922B0009C9AB3 /* NewsApp */ = {
			isa = PBXGroup;
			children = (
				5D1108DD2AF92619009C9AB3 /* Services */,
				5D1108D72AF92467009C9AB3 /* Entities */,
				5D1108A72AF922B0009C9AB3 /* AppDelegate.swift */,
				5D1108A92AF922B0009C9AB3 /* SceneDelegate.swift */,
				5D1108AB2AF922B0009C9AB3 /* ViewController.swift */,
				5D1108AD2AF922B0009C9AB3 /* Main.storyboard */,
				5D1108B02AF922B2009C9AB3 /* Assets.xcassets */,
				5D1108B22AF922B2009C9AB3 /* LaunchScreen.storyboard */,
				5D1108B52AF922B2009C9AB3 /* Info.plist */,
			);
			path = NewsApp;
			sourceTree = "<group>";
		};
		5D1108BD2AF922B2009C9AB3 /* NewsAppTests */ = {
			isa = PBXGroup;
			children = (
				5D1108BE2AF922B2009C9AB3 /* NewsAppTests.swift */,
			);
			path = NewsAppTests;
			sourceTree = "<group>";
		};
		5D1108C72AF922B2009C9AB3 /* NewsAppUITests */ = {
			isa = PBXGroup;
			children = (
				5D1108C82AF922B2009C9AB3 /* NewsAppUITests.swift */,
				5D1108CA2AF922B2009C9AB3 /* NewsAppUITestsLaunchTests.swift */,
			);
			path = NewsAppUITests;
			sourceTree = "<group>";
		};
		5D1108D72AF92467009C9AB3 /* Entities */ = {
			isa = PBXGroup;
			children = (
				5D1108D82AF92474009C9AB3 /* Responses */,
			);
			path = Entities;
			sourceTree = "<group>";
		};
		5D1108D82AF92474009C9AB3 /* Responses */ = {
			isa = PBXGroup;
			children = (
				5D1108D92AF92504009C9AB3 /* NewsResponse.swift */,
				5D1108DB2AF925B6009C9AB3 /* SourceListResponse.swift */,
			);
			path = Responses;
			sourceTree = "<group>";
		};
		5D1108DD2AF92619009C9AB3 /* Services */ = {
			isa = PBXGroup;
			children = (
				5D1108DE2AF92634009C9AB3 /* APIErrorType.swift */,
				5D1108E02AF9264C009C9AB3 /* Reachability.swift */,
				5D1108E22AF92686009C9AB3 /* NetworkService.swift */,
				5D1108E42AF92B59009C9AB3 /* NetworkManager.swift */,
			);
			path = Services;
			sourceTree = "<group>";
		};
		EEC2C437B994CB7C94CC7F35 /* Pods */ = {
			isa = PBXGroup;
			children = (
				72B916FF00E24547A42DB0D4 /* Pods-NewsApp.debug.xcconfig */,
				CE529996FF2E84F1ECFA67E8 /* Pods-NewsApp.release.xcconfig */,
				8AFE464566893E1308B8AB01 /* Pods-NewsApp-NewsAppUITests.debug.xcconfig */,
				4A79260418F9DD95AB935FAA /* Pods-NewsApp-NewsAppUITests.release.xcconfig */,
				79F95E2CF439546207C9153D /* Pods-NewsAppTests.debug.xcconfig */,
				909AF2743A471B9753CA339D /* Pods-NewsAppTests.release.xcconfig */,
			);
			path = Pods;
			sourceTree = "<group>";
		};
/* End PBXGroup section */

/* Begin PBXNativeTarget section */
		5D1108A32AF922B0009C9AB3 /* NewsApp */ = {
			isa = PBXNativeTarget;
			buildConfigurationList = 5D1108CE2AF922B2009C9AB3 /* Build configuration list for PBXNativeTarget "NewsApp" */;
			buildPhases = (
				2482F574CB036A8A19156363 /* [CP] Check Pods Manifest.lock */,
				5D1108A02AF922B0009C9AB3 /* Sources */,
				5D1108A12AF922B0009C9AB3 /* Frameworks */,
				5D1108A22AF922B0009C9AB3 /* Resources */,
				5F1F3D5F4E31F146B92EB00B /* [CP] Embed Pods Frameworks */,
			);
			buildRules = (
			);
			dependencies = (
			);
			name = NewsApp;
			productName = NewsApp;
			productReference = 5D1108A42AF922B0009C9AB3 /* NewsApp.app */;
			productType = "com.apple.product-type.application";
		};
		5D1108B92AF922B2009C9AB3 /* NewsAppTests */ = {
			isa = PBXNativeTarget;
			buildConfigurationList = 5D1108D12AF922B2009C9AB3 /* Build configuration list for PBXNativeTarget "NewsAppTests" */;
			buildPhases = (
				D573C0BF0E1D6F441713B097 /* [CP] Check Pods Manifest.lock */,
				5D1108B62AF922B2009C9AB3 /* Sources */,
				5D1108B72AF922B2009C9AB3 /* Frameworks */,
				5D1108B82AF922B2009C9AB3 /* Resources */,
			);
			buildRules = (
			);
			dependencies = (
				5D1108BC2AF922B2009C9AB3 /* PBXTargetDependency */,
			);
			name = NewsAppTests;
			productName = NewsAppTests;
			productReference = 5D1108BA2AF922B2009C9AB3 /* NewsAppTests.xctest */;
			productType = "com.apple.product-type.bundle.unit-test";
		};
		5D1108C32AF922B2009C9AB3 /* NewsAppUITests */ = {
			isa = PBXNativeTarget;
			buildConfigurationList = 5D1108D42AF922B2009C9AB3 /* Build configuration list for PBXNativeTarget "NewsAppUITests" */;
			buildPhases = (
				309024D03F8876463B6C708C /* [CP] Check Pods Manifest.lock */,
				5D1108C02AF922B2009C9AB3 /* Sources */,
				5D1108C12AF922B2009C9AB3 /* Frameworks */,
				5D1108C22AF922B2009C9AB3 /* Resources */,
				06E8E5879652246A9D9D97FC /* [CP] Embed Pods Frameworks */,
			);
			buildRules = (
			);
			dependencies = (
				5D1108C62AF922B2009C9AB3 /* PBXTargetDependency */,
			);
			name = NewsAppUITests;
			productName = NewsAppUITests;
			productReference = 5D1108C42AF922B2009C9AB3 /* NewsAppUITests.xctest */;
			productType = "com.apple.product-type.bundle.ui-testing";
		};
/* End PBXNativeTarget section */

/* Begin PBXProject section */
		5D11089C2AF922B0009C9AB3 /* Project object */ = {
			isa = PBXProject;
			attributes = {
				BuildIndependentTargetsInParallel = 1;
				LastSwiftUpdateCheck = 1500;
				LastUpgradeCheck = 1500;
				TargetAttributes = {
					5D1108A32AF922B0009C9AB3 = {
						CreatedOnToolsVersion = 15.0.1;
					};
					5D1108B92AF922B2009C9AB3 = {
						CreatedOnToolsVersion = 15.0.1;
						TestTargetID = 5D1108A32AF922B0009C9AB3;
					};
					5D1108C32AF922B2009C9AB3 = {
						CreatedOnToolsVersion = 15.0.1;
						TestTargetID = 5D1108A32AF922B0009C9AB3;
					};
				};
			};
			buildConfigurationList = 5D11089F2AF922B0009C9AB3 /* Build configuration list for PBXProject "NewsApp" */;
			compatibilityVersion = "Xcode 14.0";
			developmentRegion = en;
			hasScannedForEncodings = 0;
			knownRegions = (
				en,
				Base,
			);
			mainGroup = 5D11089B2AF922B0009C9AB3;
			productRefGroup = 5D1108A52AF922B0009C9AB3 /* Products */;
			projectDirPath = "";
			projectRoot = "";
			targets = (
				5D1108A32AF922B0009C9AB3 /* NewsApp */,
				5D1108B92AF922B2009C9AB3 /* NewsAppTests */,
				5D1108C32AF922B2009C9AB3 /* NewsAppUITests */,
			);
		};
/* End PBXProject section */

/* Begin PBXResourcesBuildPhase section */
		5D1108A22AF922B0009C9AB3 /* Resources */ = {
			isa = PBXResourcesBuildPhase;
			buildActionMask = 2147483647;
			files = (
				5D1108B42AF922B2009C9AB3 /* LaunchScreen.storyboard in Resources */,
				5D1108B12AF922B2009C9AB3 /* Assets.xcassets in Resources */,
				5D1108AF2AF922B0009C9AB3 /* Main.storyboard in Resources */,
			);
			runOnlyForDeploymentPostprocessing = 0;
		};
		5D1108B82AF922B2009C9AB3 /* Resources */ = {
			isa = PBXResourcesBuildPhase;
			buildActionMask = 2147483647;
			files = (
			);
			runOnlyForDeploymentPostprocessing = 0;
		};
		5D1108C22AF922B2009C9AB3 /* Resources */ = {
			isa = PBXResourcesBuildPhase;
			buildActionMask = 2147483647;
			files = (
			);
			runOnlyForDeploymentPostprocessing = 0;
		};
/* End PBXResourcesBuildPhase section */

/* Begin PBXShellScriptBuildPhase section */
		06E8E5879652246A9D9D97FC /* [CP] Embed Pods Frameworks */ = {
			isa = PBXShellScriptBuildPhase;
			buildActionMask = 2147483647;
			files = (
			);
			inputFileListPaths = (
				"${PODS_ROOT}/Target Support Files/Pods-NewsApp-NewsAppUITests/Pods-NewsApp-NewsAppUITests-frameworks-${CONFIGURATION}-input-files.xcfilelist",
			);
			name = "[CP] Embed Pods Frameworks";
			outputFileListPaths = (
				"${PODS_ROOT}/Target Support Files/Pods-NewsApp-NewsAppUITests/Pods-NewsApp-NewsAppUITests-frameworks-${CONFIGURATION}-output-files.xcfilelist",
			);
			runOnlyForDeploymentPostprocessing = 0;
			shellPath = /bin/sh;
			shellScript = "\"${PODS_ROOT}/Target Support Files/Pods-NewsApp-NewsAppUITests/Pods-NewsApp-NewsAppUITests-frameworks.sh\"\n";
			showEnvVarsInLog = 0;
		};
		2482F574CB036A8A19156363 /* [CP] Check Pods Manifest.lock */ = {
			isa = PBXShellScriptBuildPhase;
			buildActionMask = 2147483647;
			files = (
			);
			inputFileListPaths = (
			);
			inputPaths = (
				"${PODS_PODFILE_DIR_PATH}/Podfile.lock",
				"${PODS_ROOT}/Manifest.lock",
			);
			name = "[CP] Check Pods Manifest.lock";
			outputFileListPaths = (
			);
			outputPaths = (
				"$(DERIVED_FILE_DIR)/Pods-NewsApp-checkManifestLockResult.txt",
			);
			runOnlyForDeploymentPostprocessing = 0;
			shellPath = /bin/sh;
			shellScript = "diff \"${PODS_PODFILE_DIR_PATH}/Podfile.lock\" \"${PODS_ROOT}/Manifest.lock\" > /dev/null\nif [ $? != 0 ] ; then\n    # print error to STDERR\n    echo \"error: The sandbox is not in sync with the Podfile.lock. Run 'pod install' or update your CocoaPods installation.\" >&2\n    exit 1\nfi\n# This output is used by Xcode 'outputs' to avoid re-running this script phase.\necho \"SUCCESS\" > \"${SCRIPT_OUTPUT_FILE_0}\"\n";
			showEnvVarsInLog = 0;
		};
		309024D03F8876463B6C708C /* [CP] Check Pods Manifest.lock */ = {
			isa = PBXShellScriptBuildPhase;
			buildActionMask = 2147483647;
			files = (
			);
			inputFileListPaths = (
			);
			inputPaths = (
				"${PODS_PODFILE_DIR_PATH}/Podfile.lock",
				"${PODS_ROOT}/Manifest.lock",
			);
			name = "[CP] Check Pods Manifest.lock";
			outputFileListPaths = (
			);
			outputPaths = (
				"$(DERIVED_FILE_DIR)/Pods-NewsApp-NewsAppUITests-checkManifestLockResult.txt",
			);
			runOnlyForDeploymentPostprocessing = 0;
			shellPath = /bin/sh;
			shellScript = "diff \"${PODS_PODFILE_DIR_PATH}/Podfile.lock\" \"${PODS_ROOT}/Manifest.lock\" > /dev/null\nif [ $? != 0 ] ; then\n    # print error to STDERR\n    echo \"error: The sandbox is not in sync with the Podfile.lock. Run 'pod install' or update your CocoaPods installation.\" >&2\n    exit 1\nfi\n# This output is used by Xcode 'outputs' to avoid re-running this script phase.\necho \"SUCCESS\" > \"${SCRIPT_OUTPUT_FILE_0}\"\n";
			showEnvVarsInLog = 0;
		};
		5F1F3D5F4E31F146B92EB00B /* [CP] Embed Pods Frameworks */ = {
			isa = PBXShellScriptBuildPhase;
			buildActionMask = 2147483647;
			files = (
			);
			inputFileListPaths = (
				"${PODS_ROOT}/Target Support Files/Pods-NewsApp/Pods-NewsApp-frameworks-${CONFIGURATION}-input-files.xcfilelist",
			);
			name = "[CP] Embed Pods Frameworks";
			outputFileListPaths = (
				"${PODS_ROOT}/Target Support Files/Pods-NewsApp/Pods-NewsApp-frameworks-${CONFIGURATION}-output-files.xcfilelist",
			);
			runOnlyForDeploymentPostprocessing = 0;
			shellPath = /bin/sh;
			shellScript = "\"${PODS_ROOT}/Target Support Files/Pods-NewsApp/Pods-NewsApp-frameworks.sh\"\n";
			showEnvVarsInLog = 0;
		};
		D573C0BF0E1D6F441713B097 /* [CP] Check Pods Manifest.lock */ = {
			isa = PBXShellScriptBuildPhase;
			buildActionMask = 2147483647;
			files = (
			);
			inputFileListPaths = (
			);
			inputPaths = (
				"${PODS_PODFILE_DIR_PATH}/Podfile.lock",
				"${PODS_ROOT}/Manifest.lock",
			);
			name = "[CP] Check Pods Manifest.lock";
			outputFileListPaths = (
			);
			outputPaths = (
				"$(DERIVED_FILE_DIR)/Pods-NewsAppTests-checkManifestLockResult.txt",
			);
			runOnlyForDeploymentPostprocessing = 0;
			shellPath = /bin/sh;
			shellScript = "diff \"${PODS_PODFILE_DIR_PATH}/Podfile.lock\" \"${PODS_ROOT}/Manifest.lock\" > /dev/null\nif [ $? != 0 ] ; then\n    # print error to STDERR\n    echo \"error: The sandbox is not in sync with the Podfile.lock. Run 'pod install' or update your CocoaPods installation.\" >&2\n    exit 1\nfi\n# This output is used by Xcode 'outputs' to avoid re-running this script phase.\necho \"SUCCESS\" > \"${SCRIPT_OUTPUT_FILE_0}\"\n";
			showEnvVarsInLog = 0;
		};
/* End PBXShellScriptBuildPhase section */

/* Begin PBXSourcesBuildPhase section */
		5D1108A02AF922B0009C9AB3 /* Sources */ = {
			isa = PBXSourcesBuildPhase;
			buildActionMask = 2147483647;
			files = (
				5D1108E52AF92B59009C9AB3 /* NetworkManager.swift in Sources */,
				5D1108E12AF9264C009C9AB3 /* Reachability.swift in Sources */,
				5D1108AC2AF922B0009C9AB3 /* ViewController.swift in Sources */,
				5D1108E32AF92686009C9AB3 /* NetworkService.swift in Sources */,
				5D1108DA2AF92504009C9AB3 /* NewsResponse.swift in Sources */,
				5D1108A82AF922B0009C9AB3 /* AppDelegate.swift in Sources */,
				5D1108DF2AF92634009C9AB3 /* APIErrorType.swift in Sources */,
				5D1108AA2AF922B0009C9AB3 /* SceneDelegate.swift in Sources */,
				5D1108DC2AF925B6009C9AB3 /* SourceListResponse.swift in Sources */,
			);
			runOnlyForDeploymentPostprocessing = 0;
		};
		5D1108B62AF922B2009C9AB3 /* Sources */ = {
			isa = PBXSourcesBuildPhase;
			buildActionMask = 2147483647;
			files = (
				5D1108BF2AF922B2009C9AB3 /* NewsAppTests.swift in Sources */,
			);
			runOnlyForDeploymentPostprocessing = 0;
		};
		5D1108C02AF922B2009C9AB3 /* Sources */ = {
			isa = PBXSourcesBuildPhase;
			buildActionMask = 2147483647;
			files = (
				5D1108C92AF922B2009C9AB3 /* NewsAppUITests.swift in Sources */,
				5D1108CB2AF922B2009C9AB3 /* NewsAppUITestsLaunchTests.swift in Sources */,
			);
			runOnlyForDeploymentPostprocessing = 0;
		};
/* End PBXSourcesBuildPhase section */

/* Begin PBXTargetDependency section */
		5D1108BC2AF922B2009C9AB3 /* PBXTargetDependency */ = {
			isa = PBXTargetDependency;
			target = 5D1108A32AF922B0009C9AB3 /* NewsApp */;
			targetProxy = 5D1108BB2AF922B2009C9AB3 /* PBXContainerItemProxy */;
		};
		5D1108C62AF922B2009C9AB3 /* PBXTargetDependency */ = {
			isa = PBXTargetDependency;
			target = 5D1108A32AF922B0009C9AB3 /* NewsApp */;
			targetProxy = 5D1108C52AF922B2009C9AB3 /* PBXContainerItemProxy */;
		};
/* End PBXTargetDependency section */

/* Begin PBXVariantGroup section */
		5D1108AD2AF922B0009C9AB3 /* Main.storyboard */ = {
			isa = PBXVariantGroup;
			children = (
				5D1108AE2AF922B0009C9AB3 /* Base */,
			);
			name = Main.storyboard;
			sourceTree = "<group>";
		};
		5D1108B22AF922B2009C9AB3 /* LaunchScreen.storyboard */ = {
			isa = PBXVariantGroup;
			children = (
				5D1108B32AF922B2009C9AB3 /* Base */,
			);
			name = LaunchScreen.storyboard;
			sourceTree = "<group>";
		};
/* End PBXVariantGroup section */

/* Begin XCBuildConfiguration section */
		5D1108CC2AF922B2009C9AB3 /* Debug */ = {
			isa = XCBuildConfiguration;
			buildSettings = {
				ALWAYS_SEARCH_USER_PATHS = NO;
				ASSETCATALOG_COMPILER_GENERATE_SWIFT_ASSET_SYMBOL_EXTENSIONS = YES;
				CLANG_ANALYZER_NONNULL = YES;
				CLANG_ANALYZER_NUMBER_OBJECT_CONVERSION = YES_AGGRESSIVE;
				CLANG_CXX_LANGUAGE_STANDARD = "gnu++20";
				CLANG_ENABLE_MODULES = YES;
				CLANG_ENABLE_OBJC_ARC = YES;
				CLANG_ENABLE_OBJC_WEAK = YES;
				CLANG_WARN_BLOCK_CAPTURE_AUTORELEASING = YES;
				CLANG_WARN_BOOL_CONVERSION = YES;
				CLANG_WARN_COMMA = YES;
				CLANG_WARN_CONSTANT_CONVERSION = YES;
				CLANG_WARN_DEPRECATED_OBJC_IMPLEMENTATIONS = YES;
				CLANG_WARN_DIRECT_OBJC_ISA_USAGE = YES_ERROR;
				CLANG_WARN_DOCUMENTATION_COMMENTS = YES;
				CLANG_WARN_EMPTY_BODY = YES;
				CLANG_WARN_ENUM_CONVERSION = YES;
				CLANG_WARN_INFINITE_RECURSION = YES;
				CLANG_WARN_INT_CONVERSION = YES;
				CLANG_WARN_NON_LITERAL_NULL_CONVERSION = YES;
				CLANG_WARN_OBJC_IMPLICIT_RETAIN_SELF = YES;
				CLANG_WARN_OBJC_LITERAL_CONVERSION = YES;
				CLANG_WARN_OBJC_ROOT_CLASS = YES_ERROR;
				CLANG_WARN_QUOTED_INCLUDE_IN_FRAMEWORK_HEADER = YES;
				CLANG_WARN_RANGE_LOOP_ANALYSIS = YES;
				CLANG_WARN_STRICT_PROTOTYPES = YES;
				CLANG_WARN_SUSPICIOUS_MOVE = YES;
				CLANG_WARN_UNGUARDED_AVAILABILITY = YES_AGGRESSIVE;
				CLANG_WARN_UNREACHABLE_CODE = YES;
				CLANG_WARN__DUPLICATE_METHOD_MATCH = YES;
				COPY_PHASE_STRIP = NO;
				DEBUG_INFORMATION_FORMAT = dwarf;
				ENABLE_STRICT_OBJC_MSGSEND = YES;
				ENABLE_TESTABILITY = YES;
				ENABLE_USER_SCRIPT_SANDBOXING = YES;
				GCC_C_LANGUAGE_STANDARD = gnu17;
				GCC_DYNAMIC_NO_PIC = NO;
				GCC_NO_COMMON_BLOCKS = YES;
				GCC_OPTIMIZATION_LEVEL = 0;
				GCC_PREPROCESSOR_DEFINITIONS = (
					"DEBUG=1",
					"$(inherited)",
				);
				GCC_WARN_64_TO_32_BIT_CONVERSION = YES;
				GCC_WARN_ABOUT_RETURN_TYPE = YES_ERROR;
				GCC_WARN_UNDECLARED_SELECTOR = YES;
				GCC_WARN_UNINITIALIZED_AUTOS = YES_AGGRESSIVE;
				GCC_WARN_UNUSED_FUNCTION = YES;
				GCC_WARN_UNUSED_VARIABLE = YES;
				IPHONEOS_DEPLOYMENT_TARGET = 17.0;
				LOCALIZATION_PREFERS_STRING_CATALOGS = YES;
				MTL_ENABLE_DEBUG_INFO = INCLUDE_SOURCE;
				MTL_FAST_MATH = YES;
				ONLY_ACTIVE_ARCH = YES;
				SDKROOT = iphoneos;
				SWIFT_ACTIVE_COMPILATION_CONDITIONS = "DEBUG $(inherited)";
				SWIFT_OPTIMIZATION_LEVEL = "-Onone";
			};
			name = Debug;
		};
		5D1108CD2AF922B2009C9AB3 /* Release */ = {
			isa = XCBuildConfiguration;
			buildSettings = {
				ALWAYS_SEARCH_USER_PATHS = NO;
				ASSETCATALOG_COMPILER_GENERATE_SWIFT_ASSET_SYMBOL_EXTENSIONS = YES;
				CLANG_ANALYZER_NONNULL = YES;
				CLANG_ANALYZER_NUMBER_OBJECT_CONVERSION = YES_AGGRESSIVE;
				CLANG_CXX_LANGUAGE_STANDARD = "gnu++20";
				CLANG_ENABLE_MODULES = YES;
				CLANG_ENABLE_OBJC_ARC = YES;
				CLANG_ENABLE_OBJC_WEAK = YES;
				CLANG_WARN_BLOCK_CAPTURE_AUTORELEASING = YES;
				CLANG_WARN_BOOL_CONVERSION = YES;
				CLANG_WARN_COMMA = YES;
				CLANG_WARN_CONSTANT_CONVERSION = YES;
				CLANG_WARN_DEPRECATED_OBJC_IMPLEMENTATIONS = YES;
				CLANG_WARN_DIRECT_OBJC_ISA_USAGE = YES_ERROR;
				CLANG_WARN_DOCUMENTATION_COMMENTS = YES;
				CLANG_WARN_EMPTY_BODY = YES;
				CLANG_WARN_ENUM_CONVERSION = YES;
				CLANG_WARN_INFINITE_RECURSION = YES;
				CLANG_WARN_INT_CONVERSION = YES;
				CLANG_WARN_NON_LITERAL_NULL_CONVERSION = YES;
				CLANG_WARN_OBJC_IMPLICIT_RETAIN_SELF = YES;
				CLANG_WARN_OBJC_LITERAL_CONVERSION = YES;
				CLANG_WARN_OBJC_ROOT_CLASS = YES_ERROR;
				CLANG_WARN_QUOTED_INCLUDE_IN_FRAMEWORK_HEADER = YES;
				CLANG_WARN_RANGE_LOOP_ANALYSIS = YES;
				CLANG_WARN_STRICT_PROTOTYPES = YES;
				CLANG_WARN_SUSPICIOUS_MOVE = YES;
				CLANG_WARN_UNGUARDED_AVAILABILITY = YES_AGGRESSIVE;
				CLANG_WARN_UNREACHABLE_CODE = YES;
				CLANG_WARN__DUPLICATE_METHOD_MATCH = YES;
				COPY_PHASE_STRIP = NO;
				DEBUG_INFORMATION_FORMAT = "dwarf-with-dsym";
				ENABLE_NS_ASSERTIONS = NO;
				ENABLE_STRICT_OBJC_MSGSEND = YES;
				ENABLE_USER_SCRIPT_SANDBOXING = YES;
				GCC_C_LANGUAGE_STANDARD = gnu17;
				GCC_NO_COMMON_BLOCKS = YES;
				GCC_WARN_64_TO_32_BIT_CONVERSION = YES;
				GCC_WARN_ABOUT_RETURN_TYPE = YES_ERROR;
				GCC_WARN_UNDECLARED_SELECTOR = YES;
				GCC_WARN_UNINITIALIZED_AUTOS = YES_AGGRESSIVE;
				GCC_WARN_UNUSED_FUNCTION = YES;
				GCC_WARN_UNUSED_VARIABLE = YES;
				IPHONEOS_DEPLOYMENT_TARGET = 17.0;
				LOCALIZATION_PREFERS_STRING_CATALOGS = YES;
				MTL_ENABLE_DEBUG_INFO = NO;
				MTL_FAST_MATH = YES;
				SDKROOT = iphoneos;
				SWIFT_COMPILATION_MODE = wholemodule;
				VALIDATE_PRODUCT = YES;
			};
			name = Release;
		};
		5D1108CF2AF922B2009C9AB3 /* Debug */ = {
			isa = XCBuildConfiguration;
			baseConfigurationReference = 72B916FF00E24547A42DB0D4 /* Pods-NewsApp.debug.xcconfig */;
			buildSettings = {
				ASSETCATALOG_COMPILER_APPICON_NAME = AppIcon;
				ASSETCATALOG_COMPILER_GLOBAL_ACCENT_COLOR_NAME = AccentColor;
				CODE_SIGN_STYLE = Automatic;
				CURRENT_PROJECT_VERSION = 1;
				DEVELOPMENT_TEAM = QSDYF2KCDR;
				GENERATE_INFOPLIST_FILE = YES;
				INFOPLIST_FILE = NewsApp/Info.plist;
				INFOPLIST_KEY_UIApplicationSupportsIndirectInputEvents = YES;
				INFOPLIST_KEY_UILaunchStoryboardName = LaunchScreen;
				INFOPLIST_KEY_UIMainStoryboardFile = Main;
				INFOPLIST_KEY_UISupportedInterfaceOrientations_iPad = "UIInterfaceOrientationPortrait UIInterfaceOrientationPortraitUpsideDown UIInterfaceOrientationLandscapeLeft UIInterfaceOrientationLandscapeRight";
				INFOPLIST_KEY_UISupportedInterfaceOrientations_iPhone = "UIInterfaceOrientationPortrait UIInterfaceOrientationLandscapeLeft UIInterfaceOrientationLandscapeRight";
				IPHONEOS_DEPLOYMENT_TARGET = 13.0;
				LD_RUNPATH_SEARCH_PATHS = (
					"$(inherited)",
					"@executable_path/Frameworks",
				);
				MARKETING_VERSION = 1.0;
				PRODUCT_BUNDLE_IDENTIFIER = com.akp.NewsApp;
				PRODUCT_NAME = "$(TARGET_NAME)";
				SWIFT_EMIT_LOC_STRINGS = YES;
				SWIFT_VERSION = 5.0;
				TARGETED_DEVICE_FAMILY = "1,2";
			};
			name = Debug;
		};
		5D1108D02AF922B2009C9AB3 /* Release */ = {
			isa = XCBuildConfiguration;
			baseConfigurationReference = CE529996FF2E84F1ECFA67E8 /* Pods-NewsApp.release.xcconfig */;
			buildSettings = {
				ASSETCATALOG_COMPILER_APPICON_NAME = AppIcon;
				ASSETCATALOG_COMPILER_GLOBAL_ACCENT_COLOR_NAME = AccentColor;
				CODE_SIGN_STYLE = Automatic;
				CURRENT_PROJECT_VERSION = 1;
				DEVELOPMENT_TEAM = QSDYF2KCDR;
				GENERATE_INFOPLIST_FILE = YES;
				INFOPLIST_FILE = NewsApp/Info.plist;
				INFOPLIST_KEY_UIApplicationSupportsIndirectInputEvents = YES;
				INFOPLIST_KEY_UILaunchStoryboardName = LaunchScreen;
				INFOPLIST_KEY_UIMainStoryboardFile = Main;
				INFOPLIST_KEY_UISupportedInterfaceOrientations_iPad = "UIInterfaceOrientationPortrait UIInterfaceOrientationPortraitUpsideDown UIInterfaceOrientationLandscapeLeft UIInterfaceOrientationLandscapeRight";
				INFOPLIST_KEY_UISupportedInterfaceOrientations_iPhone = "UIInterfaceOrientationPortrait UIInterfaceOrientationLandscapeLeft UIInterfaceOrientationLandscapeRight";
				IPHONEOS_DEPLOYMENT_TARGET = 13.0;
				LD_RUNPATH_SEARCH_PATHS = (
					"$(inherited)",
					"@executable_path/Frameworks",
				);
				MARKETING_VERSION = 1.0;
				PRODUCT_BUNDLE_IDENTIFIER = com.akp.NewsApp;
				PRODUCT_NAME = "$(TARGET_NAME)";
				SWIFT_EMIT_LOC_STRINGS = YES;
				SWIFT_VERSION = 5.0;
				TARGETED_DEVICE_FAMILY = "1,2";
			};
			name = Release;
		};
		5D1108D22AF922B2009C9AB3 /* Debug */ = {
			isa = XCBuildConfiguration;
			baseConfigurationReference = 79F95E2CF439546207C9153D /* Pods-NewsAppTests.debug.xcconfig */;
			buildSettings = {
				ALWAYS_EMBED_SWIFT_STANDARD_LIBRARIES = YES;
				BUNDLE_LOADER = "$(TEST_HOST)";
				CODE_SIGN_STYLE = Automatic;
				CURRENT_PROJECT_VERSION = 1;
				DEVELOPMENT_TEAM = QSDYF2KCDR;
				GENERATE_INFOPLIST_FILE = YES;
				IPHONEOS_DEPLOYMENT_TARGET = 17.0;
				MARKETING_VERSION = 1.0;
				PRODUCT_BUNDLE_IDENTIFIER = com.akp.NewsAppTests;
				PRODUCT_NAME = "$(TARGET_NAME)";
				SWIFT_EMIT_LOC_STRINGS = NO;
				SWIFT_VERSION = 5.0;
				TARGETED_DEVICE_FAMILY = "1,2";
				TEST_HOST = "$(BUILT_PRODUCTS_DIR)/NewsApp.app/$(BUNDLE_EXECUTABLE_FOLDER_PATH)/NewsApp";
			};
			name = Debug;
		};
		5D1108D32AF922B2009C9AB3 /* Release */ = {
			isa = XCBuildConfiguration;
			baseConfigurationReference = 909AF2743A471B9753CA339D /* Pods-NewsAppTests.release.xcconfig */;
			buildSettings = {
				ALWAYS_EMBED_SWIFT_STANDARD_LIBRARIES = YES;
				BUNDLE_LOADER = "$(TEST_HOST)";
				CODE_SIGN_STYLE = Automatic;
				CURRENT_PROJECT_VERSION = 1;
				DEVELOPMENT_TEAM = QSDYF2KCDR;
				GENERATE_INFOPLIST_FILE = YES;
				IPHONEOS_DEPLOYMENT_TARGET = 17.0;
				MARKETING_VERSION = 1.0;
				PRODUCT_BUNDLE_IDENTIFIER = com.akp.NewsAppTests;
				PRODUCT_NAME = "$(TARGET_NAME)";
				SWIFT_EMIT_LOC_STRINGS = NO;
				SWIFT_VERSION = 5.0;
				TARGETED_DEVICE_FAMILY = "1,2";
				TEST_HOST = "$(BUILT_PRODUCTS_DIR)/NewsApp.app/$(BUNDLE_EXECUTABLE_FOLDER_PATH)/NewsApp";
			};
			name = Release;
		};
		5D1108D52AF922B2009C9AB3 /* Debug */ = {
			isa = XCBuildConfiguration;
			baseConfigurationReference = 8AFE464566893E1308B8AB01 /* Pods-NewsApp-NewsAppUITests.debug.xcconfig */;
			buildSettings = {
				ALWAYS_EMBED_SWIFT_STANDARD_LIBRARIES = YES;
				CODE_SIGN_STYLE = Automatic;
				CURRENT_PROJECT_VERSION = 1;
				DEVELOPMENT_TEAM = QSDYF2KCDR;
				GENERATE_INFOPLIST_FILE = YES;
				MARKETING_VERSION = 1.0;
				PRODUCT_BUNDLE_IDENTIFIER = com.akp.NewsAppUITests;
				PRODUCT_NAME = "$(TARGET_NAME)";
				SWIFT_EMIT_LOC_STRINGS = NO;
				SWIFT_VERSION = 5.0;
				TARGETED_DEVICE_FAMILY = "1,2";
				TEST_TARGET_NAME = NewsApp;
			};
			name = Debug;
		};
		5D1108D62AF922B2009C9AB3 /* Release */ = {
			isa = XCBuildConfiguration;
			baseConfigurationReference = 4A79260418F9DD95AB935FAA /* Pods-NewsApp-NewsAppUITests.release.xcconfig */;
			buildSettings = {
				ALWAYS_EMBED_SWIFT_STANDARD_LIBRARIES = YES;
				CODE_SIGN_STYLE = Automatic;
				CURRENT_PROJECT_VERSION = 1;
				DEVELOPMENT_TEAM = QSDYF2KCDR;
				GENERATE_INFOPLIST_FILE = YES;
				MARKETING_VERSION = 1.0;
				PRODUCT_BUNDLE_IDENTIFIER = com.akp.NewsAppUITests;
				PRODUCT_NAME = "$(TARGET_NAME)";
				SWIFT_EMIT_LOC_STRINGS = NO;
				SWIFT_VERSION = 5.0;
				TARGETED_DEVICE_FAMILY = "1,2";
				TEST_TARGET_NAME = NewsApp;
			};
			name = Release;
		};
/* End XCBuildConfiguration section */

/* Begin XCConfigurationList section */
		5D11089F2AF922B0009C9AB3 /* Build configuration list for PBXProject "NewsApp" */ = {
			isa = XCConfigurationList;
			buildConfigurations = (
				5D1108CC2AF922B2009C9AB3 /* Debug */,
				5D1108CD2AF922B2009C9AB3 /* Release */,
			);
			defaultConfigurationIsVisible = 0;
			defaultConfigurationName = Release;
		};
		5D1108CE2AF922B2009C9AB3 /* Build configuration list for PBXNativeTarget "NewsApp" */ = {
			isa = XCConfigurationList;
			buildConfigurations = (
				5D1108CF2AF922B2009C9AB3 /* Debug */,
				5D1108D02AF922B2009C9AB3 /* Release */,
			);
			defaultConfigurationIsVisible = 0;
			defaultConfigurationName = Release;
		};
		5D1108D12AF922B2009C9AB3 /* Build configuration list for PBXNativeTarget "NewsAppTests" */ = {
			isa = XCConfigurationList;
			buildConfigurations = (
				5D1108D22AF922B2009C9AB3 /* Debug */,
				5D1108D32AF922B2009C9AB3 /* Release */,
			);
			defaultConfigurationIsVisible = 0;
			defaultConfigurationName = Release;
		};
		5D1108D42AF922B2009C9AB3 /* Build configuration list for PBXNativeTarget "NewsAppUITests" */ = {
			isa = XCConfigurationList;
			buildConfigurations = (
				5D1108D52AF922B2009C9AB3 /* Debug */,
				5D1108D62AF922B2009C9AB3 /* Release */,
			);
			defaultConfigurationIsVisible = 0;
			defaultConfigurationName = Release;
		};
/* End XCConfigurationList section */
	};
	rootObject = 5D11089C2AF922B0009C9AB3 /* Project object */;
}
